
Microsoft Visual Studio Solution File, Format Version 12.00
# Visual Studio 15
VisualStudioVersion = 15.0.28307.168
MinimumVisualStudioVersion = 10.0.40219.1
Project("{8BC9CEB8-8B4A-11D0-8D11-00A0C91BC942}") = "码图作业：重载《运算符", "码图作业：重载《运算符\码图作业：重载《运算符.vcxproj", "{63EBB93C-B740-48A6-9AA4-FF8674B6BF05}"
EndProject
Global
	GlobalSection(SolutionConfigurationPlatforms) = preSolution
		Debug|x64 = Debug|x64
		Debug|x86 = Debug|x86
		Release|x64 = Release|x64
		Release|x86 = Release|x86
	EndGlobalSection
	GlobalSection(ProjectConfigurationPlatforms) = postSolution
		{63EBB93C-B740-48A6-9AA4-FF8674B6BF05}.Debug|x64.ActiveCfg = Debug|x64
		{63EBB93C-B740-48A6-9AA4-FF8674B6BF05}.Debug|x64.Build.0 = Debug|x64
		{63EBB93C-B740-48A6-9AA4-FF8674B6BF05}.Debug|x86.ActiveCfg = Debug|Win32
		{63EBB93C-B740-48A6-9AA4-FF8674B6BF05}.Debug|x86.Build.0 = Debug|Win32
		{63EBB93C-B740-48A6-9AA4-FF8674B6BF05}.Release|x64.ActiveCfg = Release|x64
		{63EBB93C-B740-48A6-9AA4-FF8674B6BF05}.Release|x64.Build.0 = Release|x64
		{63EBB93C-B740-48A6-9AA4-FF8674B6BF05}.Release|x86.ActiveCfg = Release|Win32
		{63EBB93C-B740-48A6-9AA4-FF8674B6BF05}.Release|x86.Build.0 = Release|Win32
	EndGlobalSection
	GlobalSection(SolutionProperties) = preSolution
		HideSolutionNode = FALSE
	EndGlobalSection
	GlobalSection(ExtensibilityGlobals) = postSolution
		SolutionGuid = {C3FAB884-D602-4061-AE53-FE6CABE6121C}
	EndGlobalSection
EndGlobal
