
Microsoft Visual Studio Solution File, Format Version 12.00
# Visual Studio 15
VisualStudioVersion = 15.0.28010.2050
MinimumVisualStudioVersion = 10.0.40219.1
Project("{8BC9CEB8-8B4A-11D0-8D11-00A0C91BC942}") = "四叶草", "四叶草\四叶草.vcxproj", "{74F8D286-BC6C-446C-940B-96989F9CC458}"
EndProject
Global
	GlobalSection(SolutionConfigurationPlatforms) = preSolution
		Debug|x64 = Debug|x64
		Debug|x86 = Debug|x86
		Release|x64 = Release|x64
		Release|x86 = Release|x86
	EndGlobalSection
	GlobalSection(ProjectConfigurationPlatforms) = postSolution
		{74F8D286-BC6C-446C-940B-96989F9CC458}.Debug|x64.ActiveCfg = Debug|x64
		{74F8D286-BC6C-446C-940B-96989F9CC458}.Debug|x64.Build.0 = Debug|x64
		{74F8D286-BC6C-446C-940B-96989F9CC458}.Debug|x86.ActiveCfg = Debug|Win32
		{74F8D286-BC6C-446C-940B-96989F9CC458}.Debug|x86.Build.0 = Debug|Win32
		{74F8D286-BC6C-446C-940B-96989F9CC458}.Release|x64.ActiveCfg = Release|x64
		{74F8D286-BC6C-446C-940B-96989F9CC458}.Release|x64.Build.0 = Release|x64
		{74F8D286-BC6C-446C-940B-96989F9CC458}.Release|x86.ActiveCfg = Release|Win32
		{74F8D286-BC6C-446C-940B-96989F9CC458}.Release|x86.Build.0 = Release|Win32
	EndGlobalSection
	GlobalSection(SolutionProperties) = preSolution
		HideSolutionNode = FALSE
	EndGlobalSection
	GlobalSection(ExtensibilityGlobals) = postSolution
		SolutionGuid = {383F1DFD-2F1B-40A7-ACC8-C0A16B1E2650}
	EndGlobalSection
EndGlobal
