
Microsoft Visual Studio Solution File, Format Version 12.00
# Visual Studio 15
VisualStudioVersion = 15.0.28307.168
MinimumVisualStudioVersion = 10.0.40219.1
Project("{8BC9CEB8-8B4A-11D0-8D11-00A0C91BC942}") = "码图作业：Set类", "码图作业：Set类\码图作业：Set类.vcxproj", "{B6B37E7C-6740-4486-8BF8-4E2B0CBC46C4}"
EndProject
Global
	GlobalSection(SolutionConfigurationPlatforms) = preSolution
		Debug|x64 = Debug|x64
		Debug|x86 = Debug|x86
		Release|x64 = Release|x64
		Release|x86 = Release|x86
	EndGlobalSection
	GlobalSection(ProjectConfigurationPlatforms) = postSolution
		{B6B37E7C-6740-4486-8BF8-4E2B0CBC46C4}.Debug|x64.ActiveCfg = Debug|x64
		{B6B37E7C-6740-4486-8BF8-4E2B0CBC46C4}.Debug|x64.Build.0 = Debug|x64
		{B6B37E7C-6740-4486-8BF8-4E2B0CBC46C4}.Debug|x86.ActiveCfg = Debug|Win32
		{B6B37E7C-6740-4486-8BF8-4E2B0CBC46C4}.Debug|x86.Build.0 = Debug|Win32
		{B6B37E7C-6740-4486-8BF8-4E2B0CBC46C4}.Release|x64.ActiveCfg = Release|x64
		{B6B37E7C-6740-4486-8BF8-4E2B0CBC46C4}.Release|x64.Build.0 = Release|x64
		{B6B37E7C-6740-4486-8BF8-4E2B0CBC46C4}.Release|x86.ActiveCfg = Release|Win32
		{B6B37E7C-6740-4486-8BF8-4E2B0CBC46C4}.Release|x86.Build.0 = Release|Win32
	EndGlobalSection
	GlobalSection(SolutionProperties) = preSolution
		HideSolutionNode = FALSE
	EndGlobalSection
	GlobalSection(ExtensibilityGlobals) = postSolution
		SolutionGuid = {292E6F8C-FCBA-4082-A9B5-B9A40CB70CF3}
	EndGlobalSection
EndGlobal
